
Microsoft Visual Studio Solution File, Format Version 12.00
# Visual Studio 14
VisualStudioVersion = 14.0.25420.1
MinimumVisualStudioVersion = 10.0.40219.1
Project("{FAE04EC0-301F-11D3-BF4B-00C04F79EFBC}") = "a复习", "a复习\a复习.csproj", "{666058CF-34DB-4FF2-8664-060DEF52C16E}"
EndProject
Project("{FAE04EC0-301F-11D3-BF4B-00C04F79EFBC}") = "bConvert转换", "bConvert转换\bConvert转换.csproj", "{BE6A6907-74C0-4496-BA1B-6F9C78E6C14C}"
EndProject
Project("{FAE04EC0-301F-11D3-BF4B-00C04F79EFBC}") = "c练习题", "c练习题\c练习题.csproj", "{DC1F1029-F3B9-456B-800B-D3E1923D4B00}"
EndProject
Project("{FAE04EC0-301F-11D3-BF4B-00C04F79EFBC}") = "04自我检验", "04自我检验\04自我检验.csproj", "{3E8E1EDE-9E47-45B4-9DA9-F43382C30EB4}"
EndProject
Project("{FAE04EC0-301F-11D3-BF4B-00C04F79EFBC}") = "d自加自减", "d自加自减\d自加自减.csproj", "{B0A2E4C3-610A-440A-A43D-CF6EF5A6A445}"
EndProject
Project("{FAE04EC0-301F-11D3-BF4B-00C04F79EFBC}") = "e关系表达式", "e关系表达式\e关系表达式.csproj", "{1CDEED2E-C4DE-4979-89A4-70B8E903FB36}"
EndProject
Project("{FAE04EC0-301F-11D3-BF4B-00C04F79EFBC}") = "f练习题", "f练习题\f练习题.csproj", "{116ADADB-D8C3-4F18-B180-94B21CE92CFD}"
EndProject
Project("{FAE04EC0-301F-11D3-BF4B-00C04F79EFBC}") = "g闰年", "g闰年\g闰年.csproj", "{85F7A0C9-A965-4DDF-89CA-6AD897D00285}"
EndProject
Project("{FAE04EC0-301F-11D3-BF4B-00C04F79EFBC}") = "h与或短路", "h与或短路\h与或短路.csproj", "{59277DE7-073B-4C0F-B43F-C20BAFD52D71}"
EndProject
Global
	GlobalSection(SolutionConfigurationPlatforms) = preSolution
		Debug|Any CPU = Debug|Any CPU
		Release|Any CPU = Release|Any CPU
	EndGlobalSection
	GlobalSection(ProjectConfigurationPlatforms) = postSolution
		{666058CF-34DB-4FF2-8664-060DEF52C16E}.Debug|Any CPU.ActiveCfg = Debug|Any CPU
		{666058CF-34DB-4FF2-8664-060DEF52C16E}.Debug|Any CPU.Build.0 = Debug|Any CPU
		{666058CF-34DB-4FF2-8664-060DEF52C16E}.Release|Any CPU.ActiveCfg = Release|Any CPU
		{666058CF-34DB-4FF2-8664-060DEF52C16E}.Release|Any CPU.Build.0 = Release|Any CPU
		{BE6A6907-74C0-4496-BA1B-6F9C78E6C14C}.Debug|Any CPU.ActiveCfg = Debug|Any CPU
		{BE6A6907-74C0-4496-BA1B-6F9C78E6C14C}.Debug|Any CPU.Build.0 = Debug|Any CPU
		{BE6A6907-74C0-4496-BA1B-6F9C78E6C14C}.Release|Any CPU.ActiveCfg = Release|Any CPU
		{BE6A6907-74C0-4496-BA1B-6F9C78E6C14C}.Release|Any CPU.Build.0 = Release|Any CPU
		{DC1F1029-F3B9-456B-800B-D3E1923D4B00}.Debug|Any CPU.ActiveCfg = Debug|Any CPU
		{DC1F1029-F3B9-456B-800B-D3E1923D4B00}.Debug|Any CPU.Build.0 = Debug|Any CPU
		{DC1F1029-F3B9-456B-800B-D3E1923D4B00}.Release|Any CPU.ActiveCfg = Release|Any CPU
		{DC1F1029-F3B9-456B-800B-D3E1923D4B00}.Release|Any CPU.Build.0 = Release|Any CPU
		{3E8E1EDE-9E47-45B4-9DA9-F43382C30EB4}.Debug|Any CPU.ActiveCfg = Debug|Any CPU
		{3E8E1EDE-9E47-45B4-9DA9-F43382C30EB4}.Debug|Any CPU.Build.0 = Debug|Any CPU
		{3E8E1EDE-9E47-45B4-9DA9-F43382C30EB4}.Release|Any CPU.ActiveCfg = Release|Any CPU
		{3E8E1EDE-9E47-45B4-9DA9-F43382C30EB4}.Release|Any CPU.Build.0 = Release|Any CPU
		{B0A2E4C3-610A-440A-A43D-CF6EF5A6A445}.Debug|Any CPU.ActiveCfg = Debug|Any CPU
		{B0A2E4C3-610A-440A-A43D-CF6EF5A6A445}.Debug|Any CPU.Build.0 = Debug|Any CPU
		{B0A2E4C3-610A-440A-A43D-CF6EF5A6A445}.Release|Any CPU.ActiveCfg = Release|Any CPU
		{B0A2E4C3-610A-440A-A43D-CF6EF5A6A445}.Release|Any CPU.Build.0 = Release|Any CPU
		{1CDEED2E-C4DE-4979-89A4-70B8E903FB36}.Debug|Any CPU.ActiveCfg = Debug|Any CPU
		{1CDEED2E-C4DE-4979-89A4-70B8E903FB36}.Debug|Any CPU.Build.0 = Debug|Any CPU
		{1CDEED2E-C4DE-4979-89A4-70B8E903FB36}.Release|Any CPU.ActiveCfg = Release|Any CPU
		{1CDEED2E-C4DE-4979-89A4-70B8E903FB36}.Release|Any CPU.Build.0 = Release|Any CPU
		{116ADADB-D8C3-4F18-B180-94B21CE92CFD}.Debug|Any CPU.ActiveCfg = Debug|Any CPU
		{116ADADB-D8C3-4F18-B180-94B21CE92CFD}.Debug|Any CPU.Build.0 = Debug|Any CPU
		{116ADADB-D8C3-4F18-B180-94B21CE92CFD}.Release|Any CPU.ActiveCfg = Release|Any CPU
		{116ADADB-D8C3-4F18-B180-94B21CE92CFD}.Release|Any CPU.Build.0 = Release|Any CPU
		{85F7A0C9-A965-4DDF-89CA-6AD897D00285}.Debug|Any CPU.ActiveCfg = Debug|Any CPU
		{85F7A0C9-A965-4DDF-89CA-6AD897D00285}.Debug|Any CPU.Build.0 = Debug|Any CPU
		{85F7A0C9-A965-4DDF-89CA-6AD897D00285}.Release|Any CPU.ActiveCfg = Release|Any CPU
		{85F7A0C9-A965-4DDF-89CA-6AD897D00285}.Release|Any CPU.Build.0 = Release|Any CPU
		{59277DE7-073B-4C0F-B43F-C20BAFD52D71}.Debug|Any CPU.ActiveCfg = Debug|Any CPU
		{59277DE7-073B-4C0F-B43F-C20BAFD52D71}.Debug|Any CPU.Build.0 = Debug|Any CPU
		{59277DE7-073B-4C0F-B43F-C20BAFD52D71}.Release|Any CPU.ActiveCfg = Release|Any CPU
		{59277DE7-073B-4C0F-B43F-C20BAFD52D71}.Release|Any CPU.Build.0 = Release|Any CPU
	EndGlobalSection
	GlobalSection(SolutionProperties) = preSolution
		HideSolutionNode = FALSE
	EndGlobalSection
EndGlobal
